
Microsoft Visual Studio Solution File, Format Version 12.00
# Visual Studio 14
VisualStudioVersion = 14.0.25420.1
MinimumVisualStudioVersion = 10.0.40219.1
Project("{FAE04EC0-301F-11D3-BF4B-00C04F79EFBC}") = "InvoiceDataLayer", "InvoiceDataLayer\InvoiceDataLayer.csproj", "{B900160F-9347-4198-9981-D23F756AFDC0}"
EndProject
Project("{FAE04EC0-301F-11D3-BF4B-00C04F79EFBC}") = "InvoiceBussinesLayer", "InvoiceBussinesLayer\InvoiceBussinesLayer.csproj", "{463E12E2-9694-4683-BE26-12CC8E84B28F}"
EndProject
Project("{FAE04EC0-301F-11D3-BF4B-00C04F79EFBC}") = "InvoiceCommunicationLayer", "WcfService1\InvoiceCommunicationLayer.csproj", "{2D5D4CD6-B133-4CF3-8DB6-0ED8000FB0CE}"
EndProject
Global
	GlobalSection(SolutionConfigurationPlatforms) = preSolution
		Debug|Any CPU = Debug|Any CPU
		Release|Any CPU = Release|Any CPU
	EndGlobalSection
	GlobalSection(ProjectConfigurationPlatforms) = postSolution
		{B900160F-9347-4198-9981-D23F756AFDC0}.Debug|Any CPU.ActiveCfg = Debug|Any CPU
		{B900160F-9347-4198-9981-D23F756AFDC0}.Debug|Any CPU.Build.0 = Debug|Any CPU
		{B900160F-9347-4198-9981-D23F756AFDC0}.Release|Any CPU.ActiveCfg = Release|Any CPU
		{B900160F-9347-4198-9981-D23F756AFDC0}.Release|Any CPU.Build.0 = Release|Any CPU
		{463E12E2-9694-4683-BE26-12CC8E84B28F}.Debug|Any CPU.ActiveCfg = Debug|Any CPU
		{463E12E2-9694-4683-BE26-12CC8E84B28F}.Debug|Any CPU.Build.0 = Debug|Any CPU
		{463E12E2-9694-4683-BE26-12CC8E84B28F}.Release|Any CPU.ActiveCfg = Release|Any CPU
		{463E12E2-9694-4683-BE26-12CC8E84B28F}.Release|Any CPU.Build.0 = Release|Any CPU
		{2D5D4CD6-B133-4CF3-8DB6-0ED8000FB0CE}.Debug|Any CPU.ActiveCfg = Debug|Any CPU
		{2D5D4CD6-B133-4CF3-8DB6-0ED8000FB0CE}.Debug|Any CPU.Build.0 = Debug|Any CPU
		{2D5D4CD6-B133-4CF3-8DB6-0ED8000FB0CE}.Release|Any CPU.ActiveCfg = Release|Any CPU
		{2D5D4CD6-B133-4CF3-8DB6-0ED8000FB0CE}.Release|Any CPU.Build.0 = Release|Any CPU
	EndGlobalSection
	GlobalSection(SolutionProperties) = preSolution
		HideSolutionNode = FALSE
	EndGlobalSection
EndGlobal
